<?xml version="1.0" encoding="utf-8"?>
<Project ToolsVersion="4.0" xmlns="http://schemas.microsoft.com/developer/msbuild/2003">
  <ItemGroup>
    <ClCompile Include="Source\Area.cpp" />
    <ClCompile Include="Source\Cchose.cpp" />
    <ClCompile Include="Source\audio.cpp" />
    <ClCompile Include="Source\CBall.cpp" />
    <ClCompile Include="Source\CBouncingBall.cpp" />
    <ClCompile Include="Source\CEraser.cpp" />
    <ClCompile Include="Source\CStateBar.cpp" />
    <ClCompile Include="Source\game.cpp" />
    <ClCompile Include="Source\gameDoc.cpp" />
    <ClCompile Include="Source\gameView.cpp" />
    <ClCompile Include="Source\MainFrm.cpp" />
    <ClCompile Include="Source\man.cpp" />
    <ClCompile Include="Source\gamemap.cpp" />
    <ClCompile Include="Source\StdAfx.cpp" />
    <ClCompile Include="Source\gamelib.cpp" />
    <ClCompile Include="Source\mygame.cpp" />
    <ClCompile Include="Source\Stage.cpp" />
    <ClCompile Include="Source\Bitmaplib.cpp" />
  </ItemGroup>
  <ItemGroup>
    <ClInclude Include="Source\Area.h" />
    <ClInclude Include="Source\Bitmaplib.h" />
    <ClInclude Include="Source\Cchose.h" />
    <ClInclude Include="Source\audio.h" />
    <ClInclude Include="Source\CBall.h" />
    <ClInclude Include="Source\CBouncingBall.h" />
    <ClInclude Include="Source\CEraser.h" />
    <ClInclude Include="Source\CStateBar.h" />
    <ClInclude Include="Source\Frame.h" />
    <ClInclude Include="Source\game.h" />
    <ClInclude Include="Source\gameDoc.h" />
    <ClInclude Include="Source\gameView.h" />
    <ClInclude Include="Source\MainFrm.h" />
    <ClInclude Include="Source\man.h" />
    <ClInclude Include="Source\gamemap.h" />
    <ClInclude Include="Source\Resource.h" />
    <ClInclude Include="Source\StdAfx.h" />
    <ClInclude Include="Source\gamelib.h" />
    <ClInclude Include="Source\mygame.h" />
    <ClInclude Include="Source\Stage.h" />
  </ItemGroup>
  <ItemGroup>
    <ResourceCompile Include="Source\game.rc" />
  </ItemGroup>
  <ItemGroup>
    <Image Include="res\bitmap3.bmp" />
    <Image Include="res\1.ico" />
    <Image Include="res\icon1.ico" />
  </ItemGroup>
  <ItemGroup>
    <None Include="Res\ball.bmp" />
    <None Include="RES\bmp0.bmp" />
    <None Include="RES\bmp1.bmp" />
    <None Include="RES\bmp10.bmp" />
    <None Include="RES\bmp2.bmp" />
    <None Include="RES\bmp3.bmp" />
    <None Include="RES\bmp4.bmp" />
    <None Include="RES\bmp5.bmp" />
    <None Include="RES\bmp6.bmp" />
    <None Include="RES\bmp7.bmp" />
    <None Include="RES\bmp8.bmp" />
    <None Include="RES\bmp9.bmp" />
    <None Include="RES\center.bmp" />
    <None Include="RES\continue.bmp" />
    <None Include="Res\corner.bmp" />
    <None Include="RES\eraser1.bmp" />
    <None Include="RES\eraser2.bmp" />
    <None Include="RES\eraser3.bmp" />
    <None Include="res\game.ico" />
    <None Include="res\game.rc2" />
    <None Include="RES\gamecurs.cur" />
    <None Include="res\gameDoc.ico" />
    <None Include="RES\help.bmp" />
    <None Include="RES\loading.bmp" />
    <None Include="RES\ntutcsie.bmp" />
    <None Include="res\Toolbar.bmp" />
  </ItemGroup>
</Project>